
Microsoft Visual Studio Solution File, Format Version 12.00
# Visual Studio 14
VisualStudioVersion = 14.0.25420.1
MinimumVisualStudioVersion = 10.0.40219.1
Project("{FAE04EC0-301F-11D3-BF4B-00C04F79EFBC}") = "Basic.Toolkit", "Basic.Toolkit.csproj", "{D7BEC89D-0D98-46BF-918F-F22BAFEB6963}"
EndProject
Project("{FAE04EC0-301F-11D3-BF4B-00C04F79EFBC}") = "Basic.Toolkit.Test", "..\Basic.Toolkit.Test\Basic.Toolkit.Test.csproj", "{CBCE79DF-F973-4846-9F5F-2C3110ACF7A4}"
EndProject
Global
	GlobalSection(SolutionConfigurationPlatforms) = preSolution
		Debug|Any CPU = Debug|Any CPU
		Release|Any CPU = Release|Any CPU
	EndGlobalSection
	GlobalSection(ProjectConfigurationPlatforms) = postSolution
		{D7BEC89D-0D98-46BF-918F-F22BAFEB6963}.Debug|Any CPU.ActiveCfg = Debug|Any CPU
		{D7BEC89D-0D98-46BF-918F-F22BAFEB6963}.Debug|Any CPU.Build.0 = Debug|Any CPU
		{D7BEC89D-0D98-46BF-918F-F22BAFEB6963}.Release|Any CPU.ActiveCfg = Release|Any CPU
		{D7BEC89D-0D98-46BF-918F-F22BAFEB6963}.Release|Any CPU.Build.0 = Release|Any CPU
		{CBCE79DF-F973-4846-9F5F-2C3110ACF7A4}.Debug|Any CPU.ActiveCfg = Debug|Any CPU
		{CBCE79DF-F973-4846-9F5F-2C3110ACF7A4}.Debug|Any CPU.Build.0 = Debug|Any CPU
		{CBCE79DF-F973-4846-9F5F-2C3110ACF7A4}.Release|Any CPU.ActiveCfg = Release|Any CPU
		{CBCE79DF-F973-4846-9F5F-2C3110ACF7A4}.Release|Any CPU.Build.0 = Release|Any CPU
	EndGlobalSection
	GlobalSection(SolutionProperties) = preSolution
		HideSolutionNode = FALSE
	EndGlobalSection
EndGlobal
